PODS:
  - IGListKit (3.4.0):
    - IGListKit/Default (= 3.4.0)
  - IGListKit/Default (3.4.0):
    - IGListKit/Diffing
  - IGListKit/Diffing (3.4.0)
  - RxCocoa (5.0.0):
    - RxRelay (~> 5)
    - RxSwift (~> 5)
  - RxRelay (5.0.0):
    - RxSwift (~> 5)
  - RxSwift (5.0.0)
  - SDWebImage (5.0.3):
    - SDWebImage/Core (= 5.0.3)
  - SDWebImage/Core (5.0.3)

DEPENDENCIES:
  - IGListKit
  - RxCocoa
  - RxSwift
  - SDWebImage

SPEC REPOS:
  https://github.com/cocoapods/specs.git:
    - IGListKit
    - RxCocoa
    - RxRelay
    - RxSwift
    - SDWebImage

SPEC CHECKSUMS:
  IGListKit: 7a5d788e9fb746bcd402baa8e8b24bc3bd2a5a07
  RxCocoa: fcf32050ac00d801f34a7f71d5e8e7f23026dcd8
  RxRelay: 4f7409406a51a55cd88483f21ed898c234d60f18
  RxSwift: 8b0671caa829a763bbce7271095859121cbd895f
  SDWebImage: d4f87d7d36c8a4d9f9459dc282e0caa057fdf935

PODFILE CHECKSUM: 912ba917ccf2f8a7daea7292bd16f9c1d654092b

COCOAPODS: 1.6.0
